
Microsoft Visual Studio Solution File, Format Version 12.00
# Visual Studio Version 17
VisualStudioVersion = 17.14.35806.103
MinimumVisualStudioVersion = 10.0.40219.1
Project("{FAE04EC0-301F-11D3-BF4B-00C04F79EFBC}") = "Core", "Core\Core.csproj", "{EB7F5C9B-2526-432A-8B34-D78D24424108}"
EndProject
Project("{FAE04EC0-301F-11D3-BF4B-00C04F79EFBC}") = "Entities", "..\Entities\Entities.csproj", "{F6E0AEFD-5BEE-4259-B544-6C0249DA210C}"
EndProject
Project("{FAE04EC0-301F-11D3-BF4B-00C04F79EFBC}") = "Repositories", "..\Repositories\Repositories.csproj", "{1ACD6CAF-C29F-4BC7-A170-3180B94AA8D7}"
EndProject
Project("{FAE04EC0-301F-11D3-BF4B-00C04F79EFBC}") = "Business", "..\Business\Business.csproj", "{3C4143EC-6E89-4218-B768-F036E6F0C585}"
EndProject
Project("{FAE04EC0-301F-11D3-BF4B-00C04F79EFBC}") = "WebAPI", "..\WebAPI\WebAPI.csproj", "{700959C8-3EFF-4272-AB31-07A54F3B8DED}"
EndProject
Global
	GlobalSection(SolutionConfigurationPlatforms) = preSolution
		Debug|Any CPU = Debug|Any CPU
		Release|Any CPU = Release|Any CPU
	EndGlobalSection
	GlobalSection(ProjectConfigurationPlatforms) = postSolution
		{EB7F5C9B-2526-432A-8B34-D78D24424108}.Debug|Any CPU.ActiveCfg = Debug|Any CPU
		{EB7F5C9B-2526-432A-8B34-D78D24424108}.Debug|Any CPU.Build.0 = Debug|Any CPU
		{EB7F5C9B-2526-432A-8B34-D78D24424108}.Release|Any CPU.ActiveCfg = Release|Any CPU
		{EB7F5C9B-2526-432A-8B34-D78D24424108}.Release|Any CPU.Build.0 = Release|Any CPU
		{F6E0AEFD-5BEE-4259-B544-6C0249DA210C}.Debug|Any CPU.ActiveCfg = Debug|Any CPU
		{F6E0AEFD-5BEE-4259-B544-6C0249DA210C}.Debug|Any CPU.Build.0 = Debug|Any CPU
		{F6E0AEFD-5BEE-4259-B544-6C0249DA210C}.Release|Any CPU.ActiveCfg = Release|Any CPU
		{F6E0AEFD-5BEE-4259-B544-6C0249DA210C}.Release|Any CPU.Build.0 = Release|Any CPU
		{1ACD6CAF-C29F-4BC7-A170-3180B94AA8D7}.Debug|Any CPU.ActiveCfg = Debug|Any CPU
		{1ACD6CAF-C29F-4BC7-A170-3180B94AA8D7}.Debug|Any CPU.Build.0 = Debug|Any CPU
		{1ACD6CAF-C29F-4BC7-A170-3180B94AA8D7}.Release|Any CPU.ActiveCfg = Release|Any CPU
		{1ACD6CAF-C29F-4BC7-A170-3180B94AA8D7}.Release|Any CPU.Build.0 = Release|Any CPU
		{3C4143EC-6E89-4218-B768-F036E6F0C585}.Debug|Any CPU.ActiveCfg = Debug|Any CPU
		{3C4143EC-6E89-4218-B768-F036E6F0C585}.Debug|Any CPU.Build.0 = Debug|Any CPU
		{3C4143EC-6E89-4218-B768-F036E6F0C585}.Release|Any CPU.ActiveCfg = Release|Any CPU
		{3C4143EC-6E89-4218-B768-F036E6F0C585}.Release|Any CPU.Build.0 = Release|Any CPU
		{700959C8-3EFF-4272-AB31-07A54F3B8DED}.Debug|Any CPU.ActiveCfg = Debug|Any CPU
		{700959C8-3EFF-4272-AB31-07A54F3B8DED}.Debug|Any CPU.Build.0 = Debug|Any CPU
		{700959C8-3EFF-4272-AB31-07A54F3B8DED}.Release|Any CPU.ActiveCfg = Release|Any CPU
		{700959C8-3EFF-4272-AB31-07A54F3B8DED}.Release|Any CPU.Build.0 = Release|Any CPU
	EndGlobalSection
	GlobalSection(SolutionProperties) = preSolution
		HideSolutionNode = FALSE
	EndGlobalSection
	GlobalSection(ExtensibilityGlobals) = postSolution
		SolutionGuid = {37FC1E52-A976-45A1-89C1-D6E519B12830}
	EndGlobalSection
EndGlobal
